
Microsoft Visual Studio Solution File, Format Version 12.00
# Visual Studio Version 17
VisualStudioVersion = 17.5.002.0
MinimumVisualStudioVersion = 10.0.40219.1
Project("{9A19103F-16F7-4668-BE54-9A1E7A4F7556}") = "TrilhaApiDesafio", "TrilhaApiDesafio.csproj", "{1BBACB1E-0099-48BF-8E26-612A22A8B7B2}"
EndProject
Global
	GlobalSection(SolutionConfigurationPlatforms) = preSolution
		Debug|Any CPU = Debug|Any CPU
		Release|Any CPU = Release|Any CPU
	EndGlobalSection
	GlobalSection(ProjectConfigurationPlatforms) = postSolution
		{1BBACB1E-0099-48BF-8E26-612A22A8B7B2}.Debug|Any CPU.ActiveCfg = Debug|Any CPU
		{1BBACB1E-0099-48BF-8E26-612A22A8B7B2}.Debug|Any CPU.Build.0 = Debug|Any CPU
		{1BBACB1E-0099-48BF-8E26-612A22A8B7B2}.Release|Any CPU.ActiveCfg = Release|Any CPU
		{1BBACB1E-0099-48BF-8E26-612A22A8B7B2}.Release|Any CPU.Build.0 = Release|Any CPU
	EndGlobalSection
	GlobalSection(SolutionProperties) = preSolution
		HideSolutionNode = FALSE
	EndGlobalSection
	GlobalSection(ExtensibilityGlobals) = postSolution
		SolutionGuid = {41F5B852-9329-4B0A-8F78-C3888B9ABDC5}
	EndGlobalSection
EndGlobal
